// !$*UTF8*$!
{
	archiveVersion = 1;
	classes = {
	};
	objectVersion = 56;
	objects = {

/* Begin PBXBuildFile section */
		36A4C7792B8168420058AD12 /* TikTokApp.swift in Sources */ = {isa = PBXBuildFile; fileRef = 36A4C7782B8168420058AD12 /* TikTokApp.swift */; };
		36A4C77B2B8168420058AD12 /* ContentView.swift in Sources */ = {isa = PBXBuildFile; fileRef = 36A4C77A2B8168420058AD12 /* ContentView.swift */; };
		36A4C77D2B8168430058AD12 /* Assets.xcassets in Resources */ = {isa = PBXBuildFile; fileRef = 36A4C77C2B8168430058AD12 /* Assets.xcassets */; };
		36A4C7802B8168430058AD12 /* Preview Assets.xcassets in Resources */ = {isa = PBXBuildFile; fileRef = 36A4C77F2B8168430058AD12 /* Preview Assets.xcassets */; };
		36A4C78A2B8168430058AD12 /* TikTokTests.swift in Sources */ = {isa = PBXBuildFile; fileRef = 36A4C7892B8168430058AD12 /* TikTokTests.swift */; };
		36A4C7942B8168430058AD12 /* TikTokUITests.swift in Sources */ = {isa = PBXBuildFile; fileRef = 36A4C7932B8168430058AD12 /* TikTokUITests.swift */; };
		36A4C7962B8168430058AD12 /* TikTokUITestsLaunchTests.swift in Sources */ = {isa = PBXBuildFile; fileRef = 36A4C7952B8168430058AD12 /* TikTokUITestsLaunchTests.swift */; };
/* End PBXBuildFile section */

/* Begin PBXContainerItemProxy section */
		36A4C7862B8168430058AD12 /* PBXContainerItemProxy */ = {
			isa = PBXContainerItemProxy;
			containerPortal = 36A4C76D2B8168420058AD12 /* Project object */;
			proxyType = 1;
			remoteGlobalIDString = 36A4C7742B8168420058AD12;
			remoteInfo = TikTok;
		};
		36A4C7902B8168430058AD12 /* PBXContainerItemProxy */ = {
			isa = PBXContainerItemProxy;
			containerPortal = 36A4C76D2B8168420058AD12 /* Project object */;
			proxyType = 1;
			remoteGlobalIDString = 36A4C7742B8168420058AD12;
			remoteInfo = TikTok;
		};
/* End PBXContainerItemProxy section */

/* Begin PBXFileReference section */
		36A4C7752B8168420058AD12 /* TikTok.app */ = {isa = PBXFileReference; explicitFileType = wrapper.application; includeInIndex = 0; path = TikTok.app; sourceTree = BUILT_PRODUCTS_DIR; };
		36A4C7782B8168420058AD12 /* TikTokApp.swift */ = {isa = PBXFileReference; lastKnownFileType = sourcecode.swift; path = TikTokApp.swift; sourceTree = "<group>"; };
		36A4C77A2B8168420058AD12 /* ContentView.swift */ = {isa = PBXFileReference; lastKnownFileType = sourcecode.swift; path = ContentView.swift; sourceTree = "<group>"; };
		36A4C77C2B8168430058AD12 /* Assets.xcassets */ = {isa = PBXFileReference; lastKnownFileType = folder.assetcatalog; path = Assets.xcassets; sourceTree = "<group>"; };
		36A4C77F2B8168430058AD12 /* Preview Assets.xcassets */ = {isa = PBXFileReference; lastKnownFileType = folder.assetcatalog; path = "Preview Assets.xcassets"; sourceTree = "<group>"; };
		36A4C7852B8168430058AD12 /* TikTokTests.xctest */ = {isa = PBXFileReference; explicitFileType = wrapper.cfbundle; includeInIndex = 0; path = TikTokTests.xctest; sourceTree = BUILT_PRODUCTS_DIR; };
		36A4C7892B8168430058AD12 /* TikTokTests.swift */ = {isa = PBXFileReference; lastKnownFileType = sourcecode.swift; path = TikTokTests.swift; sourceTree = "<group>"; };
		36A4C78F2B8168430058AD12 /* TikTokUITests.xctest */ = {isa = PBXFileReference; explicitFileType = wrapper.cfbundle; includeInIndex = 0; path = TikTokUITests.xctest; sourceTree = BUILT_PRODUCTS_DIR; };
		36A4C7932B8168430058AD12 /* TikTokUITests.swift */ = {isa = PBXFileReference; lastKnownFileType = sourcecode.swift; path = TikTokUITests.swift; sourceTree = "<group>"; };
		36A4C7952B8168430058AD12 /* TikTokUITestsLaunchTests.swift */ = {isa = PBXFileReference; lastKnownFileType = sourcecode.swift; path = TikTokUITestsLaunchTests.swift; sourceTree = "<group>"; };
/* End PBXFileReference section */

/* Begin PBXFrameworksBuildPhase section */
		36A4C7722B8168420058AD12 /* Frameworks */ = {
			isa = PBXFrameworksBuildPhase;
			buildActionMask = 2147483647;
			files = (
			);
			runOnlyForDeploymentPostprocessing = 0;
		};
		36A4C7822B8168430058AD12 /* Frameworks */ = {
			isa = PBXFrameworksBuildPhase;
			buildActionMask = 2147483647;
			files = (
			);
			runOnlyForDeploymentPostprocessing = 0;
		};
		36A4C78C2B8168430058AD12 /* Frameworks */ = {
			isa = PBXFrameworksBuildPhase;
			buildActionMask = 2147483647;
			files = (
			);
			runOnlyForDeploymentPostprocessing = 0;
		};
/* End PBXFrameworksBuildPhase section */

/* Begin PBXGroup section */
		36A4C76C2B8168420058AD12 = {
			isa = PBXGroup;
			children = (
				36A4C7772B8168420058AD12 /* TikTok */,
				36A4C7882B8168430058AD12 /* TikTokTests */,
				36A4C7922B8168430058AD12 /* TikTokUITests */,
				36A4C7762B8168420058AD12 /* Products */,
			);
			sourceTree = "<group>";
		};
		36A4C7762B8168420058AD12 /* Products */ = {
			isa = PBXGroup;
			children = (
				36A4C7752B8168420058AD12 /* TikTok.app */,
				36A4C7852B8168430058AD12 /* TikTokTests.xctest */,
				36A4C78F2B8168430058AD12 /* TikTokUITests.xctest */,
			);
			name = Products;
			sourceTree = "<group>";
		};
		36A4C7772B8168420058AD12 /* TikTok */ = {
			isa = PBXGroup;
			children = (
				36A4C7782B8168420058AD12 /* TikTokApp.swift */,
				36A4C77A2B8168420058AD12 /* ContentView.swift */,
				36A4C77C2B8168430058AD12 /* Assets.xcassets */,
				36A4C77E2B8168430058AD12 /* Preview Content */,
			);
			path = TikTok;
			sourceTree = "<group>";
		};
		36A4C77E2B8168430058AD12 /* Preview Content */ = {
			isa = PBXGroup;
			children = (
				36A4C77F2B8168430058AD12 /* Preview Assets.xcassets */,
			);
			path = "Preview Content";
			sourceTree = "<group>";
		};
		36A4C7882B8168430058AD12 /* TikTokTests */ = {
			isa = PBXGroup;
			children = (
				36A4C7892B8168430058AD12 /* TikTokTests.swift */,
			);
			path = TikTokTests;
			sourceTree = "<group>";
		};
		36A4C7922B8168430058AD12 /* TikTokUITests */ = {
			isa = PBXGroup;
			children = (
				36A4C7932B8168430058AD12 /* TikTokUITests.swift */,
				36A4C7952B8168430058AD12 /* TikTokUITestsLaunchTests.swift */,
			);
			path = TikTokUITests;
			sourceTree = "<group>";
		};
/* End PBXGroup section */

/* Begin PBXNativeTarget section */
		36A4C7742B8168420058AD12 /* TikTok */ = {
			isa = PBXNativeTarget;
			buildConfigurationList = 36A4C7992B8168430058AD12 /* Build configuration list for PBXNativeTarget "TikTok" */;
			buildPhases = (
				36A4C7712B8168420058AD12 /* Sources */,
				36A4C7722B8168420058AD12 /* Frameworks */,
				36A4C7732B8168420058AD12 /* Resources */,
			);
			buildRules = (
			);
			dependencies = (
			);
			name = TikTok;
			productName = TikTok;
			productReference = 36A4C7752B8168420058AD12 /* TikTok.app */;
			productType = "com.apple.product-type.application";
		};
		36A4C7842B8168430058AD12 /* TikTokTests */ = {
			isa = PBXNativeTarget;
			buildConfigurationList = 36A4C79C2B8168430058AD12 /* Build configuration list for PBXNativeTarget "TikTokTests" */;
			buildPhases = (
				36A4C7812B8168430058AD12 /* Sources */,
				36A4C7822B8168430058AD12 /* Frameworks */,
				36A4C7832B8168430058AD12 /* Resources */,
			);
			buildRules = (
			);
			dependencies = (
				36A4C7872B8168430058AD12 /* PBXTargetDependency */,
			);
			name = TikTokTests;
			productName = TikTokTests;
			productReference = 36A4C7852B8168430058AD12 /* TikTokTests.xctest */;
			productType = "com.apple.product-type.bundle.unit-test";
		};
		36A4C78E2B8168430058AD12 /* TikTokUITests */ = {
			isa = PBXNativeTarget;
			buildConfigurationList = 36A4C79F2B8168430058AD12 /* Build configuration list for PBXNativeTarget "TikTokUITests" */;
			buildPhases = (
				36A4C78B2B8168430058AD12 /* Sources */,
				36A4C78C2B8168430058AD12 /* Frameworks */,
				36A4C78D2B8168430058AD12 /* Resources */,
			);
			buildRules = (
			);
			dependencies = (
				36A4C7912B8168430058AD12 /* PBXTargetDependency */,
			);
			name = TikTokUITests;
			productName = TikTokUITests;
			productReference = 36A4C78F2B8168430058AD12 /* TikTokUITests.xctest */;
			productType = "com.apple.product-type.bundle.ui-testing";
		};
/* End PBXNativeTarget section */

/* Begin PBXProject section */
		36A4C76D2B8168420058AD12 /* Project object */ = {
			isa = PBXProject;
			attributes = {
				BuildIndependentTargetsInParallel = 1;
				LastSwiftUpdateCheck = 1520;
				LastUpgradeCheck = 1520;
				TargetAttributes = {
					36A4C7742B8168420058AD12 = {
						CreatedOnToolsVersion = 15.2;
					};
					36A4C7842B8168430058AD12 = {
						CreatedOnToolsVersion = 15.2;
						TestTargetID = 36A4C7742B8168420058AD12;
					};
					36A4C78E2B8168430058AD12 = {
						CreatedOnToolsVersion = 15.2;
						TestTargetID = 36A4C7742B8168420058AD12;
					};
				};
			};
			buildConfigurationList = 36A4C7702B8168420058AD12 /* Build configuration list for PBXProject "TikTok" */;
			compatibilityVersion = "Xcode 14.0";
			developmentRegion = en;
			hasScannedForEncodings = 0;
			knownRegions = (
				en,
				Base,
			);
			mainGroup = 36A4C76C2B8168420058AD12;
			productRefGroup = 36A4C7762B8168420058AD12 /* Products */;
			projectDirPath = "";
			projectRoot = "";
			targets = (
				36A4C7742B8168420058AD12 /* TikTok */,
				36A4C7842B8168430058AD12 /* TikTokTests */,
				36A4C78E2B8168430058AD12 /* TikTokUITests */,
			);
		};
/* End PBXProject section */

/* Begin PBXResourcesBuildPhase section */
		36A4C7732B8168420058AD12 /* Resources */ = {
			isa = PBXResourcesBuildPhase;
			buildActionMask = 2147483647;
			files = (
				36A4C7802B8168430058AD12 /* Preview Assets.xcassets in Resources */,
				36A4C77D2B8168430058AD12 /* Assets.xcassets in Resources */,
			);
			runOnlyForDeploymentPostprocessing = 0;
		};
		36A4C7832B8168430058AD12 /* Resources */ = {
			isa = PBXResourcesBuildPhase;
			buildActionMask = 2147483647;
			files = (
			);
			runOnlyForDeploymentPostprocessing = 0;
		};
		36A4C78D2B8168430058AD12 /* Resources */ = {
			isa = PBXResourcesBuildPhase;
			buildActionMask = 2147483647;
			files = (
			);
			runOnlyForDeploymentPostprocessing = 0;
		};
/* End PBXResourcesBuildPhase section */

/* Begin PBXSourcesBuildPhase section */
		36A4C7712B8168420058AD12 /* Sources */ = {
			isa = PBXSourcesBuildPhase;
			buildActionMask = 2147483647;
			files = (
				36A4C77B2B8168420058AD12 /* ContentView.swift in Sources */,
				36A4C7792B8168420058AD12 /* TikTokApp.swift in Sources */,
			);
			runOnlyForDeploymentPostprocessing = 0;
		};
		36A4C7812B8168430058AD12 /* Sources */ = {
			isa = PBXSourcesBuildPhase;
			buildActionMask = 2147483647;
			files = (
				36A4C78A2B8168430058AD12 /* TikTokTests.swift in Sources */,
			);
			runOnlyForDeploymentPostprocessing = 0;
		};
		36A4C78B2B8168430058AD12 /* Sources */ = {
			isa = PBXSourcesBuildPhase;
			buildActionMask = 2147483647;
			files = (
				36A4C7962B8168430058AD12 /* TikTokUITestsLaunchTests.swift in Sources */,
				36A4C7942B8168430058AD12 /* TikTokUITests.swift in Sources */,
			);
			runOnlyForDeploymentPostprocessing = 0;
		};
/* End PBXSourcesBuildPhase section */

/* Begin PBXTargetDependency section */
		36A4C7872B8168430058AD12 /* PBXTargetDependency */ = {
			isa = PBXTargetDependency;
			target = 36A4C7742B8168420058AD12 /* TikTok */;
			targetProxy = 36A4C7862B8168430058AD12 /* PBXContainerItemProxy */;
		};
		36A4C7912B8168430058AD12 /* PBXTargetDependency */ = {
			isa = PBXTargetDependency;
			target = 36A4C7742B8168420058AD12 /* TikTok */;
			targetProxy = 36A4C7902B8168430058AD12 /* PBXContainerItemProxy */;
		};
/* End PBXTargetDependency section */

/* Begin XCBuildConfiguration section */
		36A4C7972B8168430058AD12 /* Debug */ = {
			isa = XCBuildConfiguration;
			buildSettings = {
				ALWAYS_SEARCH_USER_PATHS = NO;
				ASSETCATALOG_COMPILER_GENERATE_SWIFT_ASSET_SYMBOL_EXTENSIONS = YES;
				CLANG_ANALYZER_NONNULL = YES;
				CLANG_ANALYZER_NUMBER_OBJECT_CONVERSION = YES_AGGRESSIVE;
				CLANG_CXX_LANGUAGE_STANDARD = "gnu++20";
				CLANG_ENABLE_MODULES = YES;
				CLANG_ENABLE_OBJC_ARC = YES;
				CLANG_ENABLE_OBJC_WEAK = YES;
				CLANG_WARN_BLOCK_CAPTURE_AUTORELEASING = YES;
				CLANG_WARN_BOOL_CONVERSION = YES;
				CLANG_WARN_COMMA = YES;
				CLANG_WARN_CONSTANT_CONVERSION = YES;
				CLANG_WARN_DEPRECATED_OBJC_IMPLEMENTATIONS = YES;
				CLANG_WARN_DIRECT_OBJC_ISA_USAGE = YES_ERROR;
				CLANG_WARN_DOCUMENTATION_COMMENTS = YES;
				CLANG_WARN_EMPTY_BODY = YES;
				CLANG_WARN_ENUM_CONVERSION = YES;
				CLANG_WARN_INFINITE_RECURSION = YES;
				CLANG_WARN_INT_CONVERSION = YES;
				CLANG_WARN_NON_LITERAL_NULL_CONVERSION = YES;
				CLANG_WARN_OBJC_IMPLICIT_RETAIN_SELF = YES;
				CLANG_WARN_OBJC_LITERAL_CONVERSION = YES;
				CLANG_WARN_OBJC_ROOT_CLASS = YES_ERROR;
				CLANG_WARN_QUOTED_INCLUDE_IN_FRAMEWORK_HEADER = YES;
				CLANG_WARN_RANGE_LOOP_ANALYSIS = YES;
				CLANG_WARN_STRICT_PROTOTYPES = YES;
				CLANG_WARN_SUSPICIOUS_MOVE = YES;
				CLANG_WARN_UNGUARDED_AVAILABILITY = YES_AGGRESSIVE;
				CLANG_WARN_UNREACHABLE_CODE = YES;
				CLANG_WARN__DUPLICATE_METHOD_MATCH = YES;
				COPY_PHASE_STRIP = NO;
				DEBUG_INFORMATION_FORMAT = dwarf;
				ENABLE_STRICT_OBJC_MSGSEND = YES;
				ENABLE_TESTABILITY = YES;
				ENABLE_USER_SCRIPT_SANDBOXING = YES;
				GCC_C_LANGUAGE_STANDARD = gnu17;
				GCC_DYNAMIC_NO_PIC = NO;
				GCC_NO_COMMON_BLOCKS = YES;
				GCC_OPTIMIZATION_LEVEL = 0;
				GCC_PREPROCESSOR_DEFINITIONS = (
					"DEBUG=1",
					"$(inherited)",
				);
				GCC_WARN_64_TO_32_BIT_CONVERSION = YES;
				GCC_WARN_ABOUT_RETURN_TYPE = YES_ERROR;
				GCC_WARN_UNDECLARED_SELECTOR = YES;
				GCC_WARN_UNINITIALIZED_AUTOS = YES_AGGRESSIVE;
				GCC_WARN_UNUSED_FUNCTION = YES;
				GCC_WARN_UNUSED_VARIABLE = YES;
				IPHONEOS_DEPLOYMENT_TARGET = 17.2;
				LOCALIZATION_PREFERS_STRING_CATALOGS = YES;
				MTL_ENABLE_DEBUG_INFO = INCLUDE_SOURCE;
				MTL_FAST_MATH = YES;
				ONLY_ACTIVE_ARCH = YES;
				SDKROOT = iphoneos;
				SWIFT_ACTIVE_COMPILATION_CONDITIONS = "DEBUG $(inherited)";
				SWIFT_OPTIMIZATION_LEVEL = "-Onone";
			};
			name = Debug;
		};
		36A4C7982B8168430058AD12 /* Release */ = {
			isa = XCBuildConfiguration;
			buildSettings = {
				ALWAYS_SEARCH_USER_PATHS = NO;
				ASSETCATALOG_COMPILER_GENERATE_SWIFT_ASSET_SYMBOL_EXTENSIONS = YES;
				CLANG_ANALYZER_NONNULL = YES;
				CLANG_ANALYZER_NUMBER_OBJECT_CONVERSION = YES_AGGRESSIVE;
				CLANG_CXX_LANGUAGE_STANDARD = "gnu++20";
				CLANG_ENABLE_MODULES = YES;
				CLANG_ENABLE_OBJC_ARC = YES;
				CLANG_ENABLE_OBJC_WEAK = YES;
				CLANG_WARN_BLOCK_CAPTURE_AUTORELEASING = YES;
				CLANG_WARN_BOOL_CONVERSION = YES;
				CLANG_WARN_COMMA = YES;
				CLANG_WARN_CONSTANT_CONVERSION = YES;
				CLANG_WARN_DEPRECATED_OBJC_IMPLEMENTATIONS = YES;
				CLANG_WARN_DIRECT_OBJC_ISA_USAGE = YES_ERROR;
				CLANG_WARN_DOCUMENTATION_COMMENTS = YES;
				CLANG_WARN_EMPTY_BODY = YES;
				CLANG_WARN_ENUM_CONVERSION = YES;
				CLANG_WARN_INFINITE_RECURSION = YES;
				CLANG_WARN_INT_CONVERSION = YES;
				CLANG_WARN_NON_LITERAL_NULL_CONVERSION = YES;
				CLANG_WARN_OBJC_IMPLICIT_RETAIN_SELF = YES;
				CLANG_WARN_OBJC_LITERAL_CONVERSION = YES;
				CLANG_WARN_OBJC_ROOT_CLASS = YES_ERROR;
				CLANG_WARN_QUOTED_INCLUDE_IN_FRAMEWORK_HEADER = YES;
				CLANG_WARN_RANGE_LOOP_ANALYSIS = YES;
				CLANG_WARN_STRICT_PROTOTYPES = YES;
				CLANG_WARN_SUSPICIOUS_MOVE = YES;
				CLANG_WARN_UNGUARDED_AVAILABILITY = YES_AGGRESSIVE;
				CLANG_WARN_UNREACHABLE_CODE = YES;
				CLANG_WARN__DUPLICATE_METHOD_MATCH = YES;
				COPY_PHASE_STRIP = NO;
				DEBUG_INFORMATION_FORMAT = "dwarf-with-dsym";
				ENABLE_NS_ASSERTIONS = NO;
				ENABLE_STRICT_OBJC_MSGSEND = YES;
				ENABLE_USER_SCRIPT_SANDBOXING = YES;
				GCC_C_LANGUAGE_STANDARD = gnu17;
				GCC_NO_COMMON_BLOCKS = YES;
				GCC_WARN_64_TO_32_BIT_CONVERSION = YES;
				GCC_WARN_ABOUT_RETURN_TYPE = YES_ERROR;
				GCC_WARN_UNDECLARED_SELECTOR = YES;
				GCC_WARN_UNINITIALIZED_AUTOS = YES_AGGRESSIVE;
				GCC_WARN_UNUSED_FUNCTION = YES;
				GCC_WARN_UNUSED_VARIABLE = YES;
				IPHONEOS_DEPLOYMENT_TARGET = 17.2;
				LOCALIZATION_PREFERS_STRING_CATALOGS = YES;
				MTL_ENABLE_DEBUG_INFO = NO;
				MTL_FAST_MATH = YES;
				SDKROOT = iphoneos;
				SWIFT_COMPILATION_MODE = wholemodule;
				VALIDATE_PRODUCT = YES;
			};
			name = Release;
		};
		36A4C79A2B8168430058AD12 /* Debug */ = {
			isa = XCBuildConfiguration;
			buildSettings = {
				ASSETCATALOG_COMPILER_APPICON_NAME = AppIcon;
				ASSETCATALOG_COMPILER_GLOBAL_ACCENT_COLOR_NAME = AccentColor;
				CODE_SIGN_STYLE = Automatic;
				CURRENT_PROJECT_VERSION = 1;
				DEVELOPMENT_ASSET_PATHS = "\"TikTok/Preview Content\"";
				DEVELOPMENT_TEAM = VR2G5S3THU;
				ENABLE_PREVIEWS = YES;
				GENERATE_INFOPLIST_FILE = YES;
				INFOPLIST_KEY_UIApplicationSceneManifest_Generation = YES;
				INFOPLIST_KEY_UIApplicationSupportsIndirectInputEvents = YES;
				INFOPLIST_KEY_UILaunchScreen_Generation = YES;
				INFOPLIST_KEY_UISupportedInterfaceOrientations_iPad = "UIInterfaceOrientationPortrait UIInterfaceOrientationPortraitUpsideDown UIInterfaceOrientationLandscapeLeft UIInterfaceOrientationLandscapeRight";
				INFOPLIST_KEY_UISupportedInterfaceOrientations_iPhone = "UIInterfaceOrientationPortrait UIInterfaceOrientationLandscapeLeft UIInterfaceOrientationLandscapeRight";
				LD_RUNPATH_SEARCH_PATHS = (
					"$(inherited)",
					"@executable_path/Frameworks",
				);
				MARKETING_VERSION = 1.0;
				PRODUCT_BUNDLE_IDENTIFIER = com.ShivShah.TikTok;
				PRODUCT_NAME = "$(TARGET_NAME)";
				SWIFT_EMIT_LOC_STRINGS = YES;
				SWIFT_VERSION = 5.0;
				TARGETED_DEVICE_FAMILY = "1,2";
			};
			name = Debug;
		};
		36A4C79B2B8168430058AD12 /* Release */ = {
			isa = XCBuildConfiguration;
			buildSettings = {
				ASSETCATALOG_COMPILER_APPICON_NAME = AppIcon;
				ASSETCATALOG_COMPILER_GLOBAL_ACCENT_COLOR_NAME = AccentColor;
				CODE_SIGN_STYLE = Automatic;
				CURRENT_PROJECT_VERSION = 1;
				DEVELOPMENT_ASSET_PATHS = "\"TikTok/Preview Content\"";
				DEVELOPMENT_TEAM = VR2G5S3THU;
				ENABLE_PREVIEWS = YES;
				GENERATE_INFOPLIST_FILE = YES;
				INFOPLIST_KEY_UIApplicationSceneManifest_Generation = YES;
				INFOPLIST_KEY_UIApplicationSupportsIndirectInputEvents = YES;
				INFOPLIST_KEY_UILaunchScreen_Generation = YES;
				INFOPLIST_KEY_UISupportedInterfaceOrientations_iPad = "UIInterfaceOrientationPortrait UIInterfaceOrientationPortraitUpsideDown UIInterfaceOrientationLandscapeLeft UIInterfaceOrientationLandscapeRight";
				INFOPLIST_KEY_UISupportedInterfaceOrientations_iPhone = "UIInterfaceOrientationPortrait UIInterfaceOrientationLandscapeLeft UIInterfaceOrientationLandscapeRight";
				LD_RUNPATH_SEARCH_PATHS = (
					"$(inherited)",
					"@executable_path/Frameworks",
				);
				MARKETING_VERSION = 1.0;
				PRODUCT_BUNDLE_IDENTIFIER = com.ShivShah.TikTok;
				PRODUCT_NAME = "$(TARGET_NAME)";
				SWIFT_EMIT_LOC_STRINGS = YES;
				SWIFT_VERSION = 5.0;
				TARGETED_DEVICE_FAMILY = "1,2";
			};
			name = Release;
		};
		36A4C79D2B8168430058AD12 /* Debug */ = {
			isa = XCBuildConfiguration;
			buildSettings = {
				ALWAYS_EMBED_SWIFT_STANDARD_LIBRARIES = YES;
				BUNDLE_LOADER = "$(TEST_HOST)";
				CODE_SIGN_STYLE = Automatic;
				CURRENT_PROJECT_VERSION = 1;
				DEVELOPMENT_TEAM = VR2G5S3THU;
				GENERATE_INFOPLIST_FILE = YES;
				IPHONEOS_DEPLOYMENT_TARGET = 17.2;
				MARKETING_VERSION = 1.0;
				PRODUCT_BUNDLE_IDENTIFIER = com.ShivShah.TikTokTests;
				PRODUCT_NAME = "$(TARGET_NAME)";
				SWIFT_EMIT_LOC_STRINGS = NO;
				SWIFT_VERSION = 5.0;
				TARGETED_DEVICE_FAMILY = "1,2";
				TEST_HOST = "$(BUILT_PRODUCTS_DIR)/TikTok.app/$(BUNDLE_EXECUTABLE_FOLDER_PATH)/TikTok";
			};
			name = Debug;
		};
		36A4C79E2B8168430058AD12 /* Release */ = {
			isa = XCBuildConfiguration;
			buildSettings = {
				ALWAYS_EMBED_SWIFT_STANDARD_LIBRARIES = YES;
				BUNDLE_LOADER = "$(TEST_HOST)";
				CODE_SIGN_STYLE = Automatic;
				CURRENT_PROJECT_VERSION = 1;
				DEVELOPMENT_TEAM = VR2G5S3THU;
				GENERATE_INFOPLIST_FILE = YES;
				IPHONEOS_DEPLOYMENT_TARGET = 17.2;
				MARKETING_VERSION = 1.0;
				PRODUCT_BUNDLE_IDENTIFIER = com.ShivShah.TikTokTests;
				PRODUCT_NAME = "$(TARGET_NAME)";
				SWIFT_EMIT_LOC_STRINGS = NO;
				SWIFT_VERSION = 5.0;
				TARGETED_DEVICE_FAMILY = "1,2";
				TEST_HOST = "$(BUILT_PRODUCTS_DIR)/TikTok.app/$(BUNDLE_EXECUTABLE_FOLDER_PATH)/TikTok";
			};
			name = Release;
		};
		36A4C7A02B8168430058AD12 /* Debug */ = {
			isa = XCBuildConfiguration;
			buildSettings = {
				ALWAYS_EMBED_SWIFT_STANDARD_LIBRARIES = YES;
				CODE_SIGN_STYLE = Automatic;
				CURRENT_PROJECT_VERSION = 1;
				DEVELOPMENT_TEAM = VR2G5S3THU;
				GENERATE_INFOPLIST_FILE = YES;
				MARKETING_VERSION = 1.0;
				PRODUCT_BUNDLE_IDENTIFIER = com.ShivShah.TikTokUITests;
				PRODUCT_NAME = "$(TARGET_NAME)";
				SWIFT_EMIT_LOC_STRINGS = NO;
				SWIFT_VERSION = 5.0;
				TARGETED_DEVICE_FAMILY = "1,2";
				TEST_TARGET_NAME = TikTok;
			};
			name = Debug;
		};
		36A4C7A12B8168430058AD12 /* Release */ = {
			isa = XCBuildConfiguration;
			buildSettings = {
				ALWAYS_EMBED_SWIFT_STANDARD_LIBRARIES = YES;
				CODE_SIGN_STYLE = Automatic;
				CURRENT_PROJECT_VERSION = 1;
				DEVELOPMENT_TEAM = VR2G5S3THU;
				GENERATE_INFOPLIST_FILE = YES;
				MARKETING_VERSION = 1.0;
				PRODUCT_BUNDLE_IDENTIFIER = com.ShivShah.TikTokUITests;
				PRODUCT_NAME = "$(TARGET_NAME)";
				SWIFT_EMIT_LOC_STRINGS = NO;
				SWIFT_VERSION = 5.0;
				TARGETED_DEVICE_FAMILY = "1,2";
				TEST_TARGET_NAME = TikTok;
			};
			name = Release;
		};
/* End XCBuildConfiguration section */

/* Begin XCConfigurationList section */
		36A4C7702B8168420058AD12 /* Build configuration list for PBXProject "TikTok" */ = {
			isa = XCConfigurationList;
			buildConfigurations = (
				36A4C7972B8168430058AD12 /* Debug */,
				36A4C7982B8168430058AD12 /* Release */,
			);
			defaultConfigurationIsVisible = 0;
			defaultConfigurationName = Release;
		};
		36A4C7992B8168430058AD12 /* Build configuration list for PBXNativeTarget "TikTok" */ = {
			isa = XCConfigurationList;
			buildConfigurations = (
				36A4C79A2B8168430058AD12 /* Debug */,
				36A4C79B2B8168430058AD12 /* Release */,
			);
			defaultConfigurationIsVisible = 0;
			defaultConfigurationName = Release;
		};
		36A4C79C2B8168430058AD12 /* Build configuration list for PBXNativeTarget "TikTokTests" */ = {
			isa = XCConfigurationList;
			buildConfigurations = (
				36A4C79D2B8168430058AD12 /* Debug */,
				36A4C79E2B8168430058AD12 /* Release */,
			);
			defaultConfigurationIsVisible = 0;
			defaultConfigurationName = Release;
		};
		36A4C79F2B8168430058AD12 /* Build configuration list for PBXNativeTarget "TikTokUITests" */ = {
			isa = XCConfigurationList;
			buildConfigurations = (
				36A4C7A02B8168430058AD12 /* Debug */,
				36A4C7A12B8168430058AD12 /* Release */,
			);
			defaultConfigurationIsVisible = 0;
			defaultConfigurationName = Release;
		};
/* End XCConfigurationList section */
	};
	rootObject = 36A4C76D2B8168420058AD12 /* Project object */;
}
